
Microsoft Visual Studio Solution File, Format Version 12.00
Project("{FAE04EC0-301F-11D3-BF4B-00C04F79EFBC}") = "assignment_2", "assignment_2.csproj", "{77EC506F-BC5F-48C4-B528-2305EF364AF7}"
EndProject
Global
	GlobalSection(SolutionConfigurationPlatforms) = preSolution
		Debug|Any CPU = Debug|Any CPU
		Release|Any CPU = Release|Any CPU
	EndGlobalSection
	GlobalSection(ProjectConfigurationPlatforms) = postSolution
		{77EC506F-BC5F-48C4-B528-2305EF364AF7}.Debug|Any CPU.ActiveCfg = Debug|Any CPU
		{77EC506F-BC5F-48C4-B528-2305EF364AF7}.Debug|Any CPU.Build.0 = Debug|Any CPU
		{77EC506F-BC5F-48C4-B528-2305EF364AF7}.Release|Any CPU.ActiveCfg = Release|Any CPU
		{77EC506F-BC5F-48C4-B528-2305EF364AF7}.Release|Any CPU.Build.0 = Release|Any CPU
	EndGlobalSection
EndGlobal
